// !$*UTF8*$!
{
	archiveVersion = 1;
	classes = {
	};
	objectVersion = 50;
	objects = {

/* Begin PBXBuildFile section */
		ED340CBC24E4AAB1009D878A /* Pokemon.swift in Sources */ = {isa = PBXBuildFile; fileRef = ED340CBB24E4AAB0009D878A /* Pokemon.swift */; };
		ED8E0D4724E4A12F00AFFF33 /* AppDelegate.swift in Sources */ = {isa = PBXBuildFile; fileRef = ED8E0D4624E4A12F00AFFF33 /* AppDelegate.swift */; };
		ED8E0D4924E4A12F00AFFF33 /* SceneDelegate.swift in Sources */ = {isa = PBXBuildFile; fileRef = ED8E0D4824E4A12F00AFFF33 /* SceneDelegate.swift */; };
		ED8E0D4B24E4A12F00AFFF33 /* PokedexTableViewController.swift in Sources */ = {isa = PBXBuildFile; fileRef = ED8E0D4A24E4A12F00AFFF33 /* PokedexTableViewController.swift */; };
		ED8E0D4E24E4A12F00AFFF33 /* Main.storyboard in Resources */ = {isa = PBXBuildFile; fileRef = ED8E0D4C24E4A12F00AFFF33 /* Main.storyboard */; };
		ED8E0D5124E4A12F00AFFF33 /* Pokedex.xcdatamodeld in Sources */ = {isa = PBXBuildFile; fileRef = ED8E0D4F24E4A12F00AFFF33 /* Pokedex.xcdatamodeld */; };
		ED8E0D5324E4A13100AFFF33 /* Assets.xcassets in Resources */ = {isa = PBXBuildFile; fileRef = ED8E0D5224E4A13100AFFF33 /* Assets.xcassets */; };
		ED8E0D5624E4A13100AFFF33 /* LaunchScreen.storyboard in Resources */ = {isa = PBXBuildFile; fileRef = ED8E0D5424E4A13100AFFF33 /* LaunchScreen.storyboard */; };
		EDBE9BE324E4B76C00799DF4 /* pokemon_names.json in Resources */ = {isa = PBXBuildFile; fileRef = EDBE9BE224E4B76C00799DF4 /* pokemon_names.json */; };
		EDBE9BE524E4DB2400799DF4 /* PokemonTableViewCell.swift in Sources */ = {isa = PBXBuildFile; fileRef = EDBE9BE424E4DB2400799DF4 /* PokemonTableViewCell.swift */; };
/* End PBXBuildFile section */

/* Begin PBXFileReference section */
		ED340CBB24E4AAB0009D878A /* Pokemon.swift */ = {isa = PBXFileReference; lastKnownFileType = sourcecode.swift; path = Pokemon.swift; sourceTree = "<group>"; };
		ED8E0D4324E4A12F00AFFF33 /* Pokedex.app */ = {isa = PBXFileReference; explicitFileType = wrapper.application; includeInIndex = 0; path = Pokedex.app; sourceTree = BUILT_PRODUCTS_DIR; };
		ED8E0D4624E4A12F00AFFF33 /* AppDelegate.swift */ = {isa = PBXFileReference; lastKnownFileType = sourcecode.swift; path = AppDelegate.swift; sourceTree = "<group>"; };
		ED8E0D4824E4A12F00AFFF33 /* SceneDelegate.swift */ = {isa = PBXFileReference; lastKnownFileType = sourcecode.swift; path = SceneDelegate.swift; sourceTree = "<group>"; };
		ED8E0D4A24E4A12F00AFFF33 /* PokedexTableViewController.swift */ = {isa = PBXFileReference; lastKnownFileType = sourcecode.swift; path = PokedexTableViewController.swift; sourceTree = "<group>"; };
		ED8E0D4D24E4A12F00AFFF33 /* Base */ = {isa = PBXFileReference; lastKnownFileType = file.storyboard; name = Base; path = Base.lproj/Main.storyboard; sourceTree = "<group>"; };
		ED8E0D5024E4A12F00AFFF33 /* Pokedex.xcdatamodel */ = {isa = PBXFileReference; lastKnownFileType = wrapper.xcdatamodel; path = Pokedex.xcdatamodel; sourceTree = "<group>"; };
		ED8E0D5224E4A13100AFFF33 /* Assets.xcassets */ = {isa = PBXFileReference; lastKnownFileType = folder.assetcatalog; path = Assets.xcassets; sourceTree = "<group>"; };
		ED8E0D5524E4A13100AFFF33 /* Base */ = {isa = PBXFileReference; lastKnownFileType = file.storyboard; name = Base; path = Base.lproj/LaunchScreen.storyboard; sourceTree = "<group>"; };
		ED8E0D5724E4A13100AFFF33 /* Info.plist */ = {isa = PBXFileReference; lastKnownFileType = text.plist.xml; path = Info.plist; sourceTree = "<group>"; };
		EDBE9BE224E4B76C00799DF4 /* pokemon_names.json */ = {isa = PBXFileReference; fileEncoding = 4; lastKnownFileType = text.json; path = pokemon_names.json; sourceTree = "<group>"; };
		EDBE9BE424E4DB2400799DF4 /* PokemonTableViewCell.swift */ = {isa = PBXFileReference; lastKnownFileType = sourcecode.swift; path = PokemonTableViewCell.swift; sourceTree = "<group>"; };
/* End PBXFileReference section */

/* Begin PBXFrameworksBuildPhase section */
		ED8E0D4024E4A12F00AFFF33 /* Frameworks */ = {
			isa = PBXFrameworksBuildPhase;
			buildActionMask = 2147483647;
			files = (
			);
			runOnlyForDeploymentPostprocessing = 0;
		};
/* End PBXFrameworksBuildPhase section */

/* Begin PBXGroup section */
		ED8E0D3A24E4A12F00AFFF33 = {
			isa = PBXGroup;
			children = (
				ED8E0D4524E4A12F00AFFF33 /* Pokedex */,
				ED8E0D4424E4A12F00AFFF33 /* Products */,
			);
			sourceTree = "<group>";
		};
		ED8E0D4424E4A12F00AFFF33 /* Products */ = {
			isa = PBXGroup;
			children = (
				ED8E0D4324E4A12F00AFFF33 /* Pokedex.app */,
			);
			name = Products;
			sourceTree = "<group>";
		};
		ED8E0D4524E4A12F00AFFF33 /* Pokedex */ = {
			isa = PBXGroup;
			children = (
				ED8E0D6024E4A2B700AFFF33 /* Resources */,
				ED8E0D5E24E4A29400AFFF33 /* Controllers */,
				ED8E0D5D24E4A28A00AFFF33 /* Views */,
				ED8E0D5724E4A13100AFFF33 /* Info.plist */,
				ED8E0D5F24E4A2A100AFFF33 /* DataModel */,
			);
			path = Pokedex;
			sourceTree = "<group>";
		};
		ED8E0D5D24E4A28A00AFFF33 /* Views */ = {
			isa = PBXGroup;
			children = (
				ED8E0D4C24E4A12F00AFFF33 /* Main.storyboard */,
				ED8E0D5424E4A13100AFFF33 /* LaunchScreen.storyboard */,
				EDBE9BE424E4DB2400799DF4 /* PokemonTableViewCell.swift */,
			);
			path = Views;
			sourceTree = "<group>";
		};
		ED8E0D5E24E4A29400AFFF33 /* Controllers */ = {
			isa = PBXGroup;
			children = (
				EDBE9BE224E4B76C00799DF4 /* pokemon_names.json */,
				ED8E0D4A24E4A12F00AFFF33 /* PokedexTableViewController.swift */,
			);
			path = Controllers;
			sourceTree = "<group>";
		};
		ED8E0D5F24E4A2A100AFFF33 /* DataModel */ = {
			isa = PBXGroup;
			children = (
				ED8E0D4F24E4A12F00AFFF33 /* Pokedex.xcdatamodeld */,
				ED340CBB24E4AAB0009D878A /* Pokemon.swift */,
			);
			path = DataModel;
			sourceTree = "<group>";
		};
		ED8E0D6024E4A2B700AFFF33 /* Resources */ = {
			isa = PBXGroup;
			children = (
				ED8E0D4624E4A12F00AFFF33 /* AppDelegate.swift */,
				ED8E0D4824E4A12F00AFFF33 /* SceneDelegate.swift */,
				ED8E0D5224E4A13100AFFF33 /* Assets.xcassets */,
			);
			path = Resources;
			sourceTree = "<group>";
		};
/* End PBXGroup section */

/* Begin PBXNativeTarget section */
		ED8E0D4224E4A12F00AFFF33 /* Pokedex */ = {
			isa = PBXNativeTarget;
			buildConfigurationList = ED8E0D5A24E4A13100AFFF33 /* Build configuration list for PBXNativeTarget "Pokedex" */;
			buildPhases = (
				ED8E0D3F24E4A12F00AFFF33 /* Sources */,
				ED8E0D4024E4A12F00AFFF33 /* Frameworks */,
				ED8E0D4124E4A12F00AFFF33 /* Resources */,
			);
			buildRules = (
			);
			dependencies = (
			);
			name = Pokedex;
			productName = Pokedex;
			productReference = ED8E0D4324E4A12F00AFFF33 /* Pokedex.app */;
			productType = "com.apple.product-type.application";
		};
/* End PBXNativeTarget section */

/* Begin PBXProject section */
		ED8E0D3B24E4A12F00AFFF33 /* Project object */ = {
			isa = PBXProject;
			attributes = {
				LastSwiftUpdateCheck = 1160;
				LastUpgradeCheck = 1160;
				ORGANIZATIONNAME = "Andres Guevara Caprio";
				TargetAttributes = {
					ED8E0D4224E4A12F00AFFF33 = {
						CreatedOnToolsVersion = 11.6;
					};
				};
			};
			buildConfigurationList = ED8E0D3E24E4A12F00AFFF33 /* Build configuration list for PBXProject "Pokedex" */;
			compatibilityVersion = "Xcode 9.3";
			developmentRegion = en;
			hasScannedForEncodings = 0;
			knownRegions = (
				en,
				Base,
			);
			mainGroup = ED8E0D3A24E4A12F00AFFF33;
			productRefGroup = ED8E0D4424E4A12F00AFFF33 /* Products */;
			projectDirPath = "";
			projectRoot = "";
			targets = (
				ED8E0D4224E4A12F00AFFF33 /* Pokedex */,
			);
		};
/* End PBXProject section */

/* Begin PBXResourcesBuildPhase section */
		ED8E0D4124E4A12F00AFFF33 /* Resources */ = {
			isa = PBXResourcesBuildPhase;
			buildActionMask = 2147483647;
			files = (
				ED8E0D5624E4A13100AFFF33 /* LaunchScreen.storyboard in Resources */,
				ED8E0D5324E4A13100AFFF33 /* Assets.xcassets in Resources */,
				EDBE9BE324E4B76C00799DF4 /* pokemon_names.json in Resources */,
				ED8E0D4E24E4A12F00AFFF33 /* Main.storyboard in Resources */,
			);
			runOnlyForDeploymentPostprocessing = 0;
		};
/* End PBXResourcesBuildPhase section */

/* Begin PBXSourcesBuildPhase section */
		ED8E0D3F24E4A12F00AFFF33 /* Sources */ = {
			isa = PBXSourcesBuildPhase;
			buildActionMask = 2147483647;
			files = (
				ED340CBC24E4AAB1009D878A /* Pokemon.swift in Sources */,
				ED8E0D5124E4A12F00AFFF33 /* Pokedex.xcdatamodeld in Sources */,
				ED8E0D4B24E4A12F00AFFF33 /* PokedexTableViewController.swift in Sources */,
				EDBE9BE524E4DB2400799DF4 /* PokemonTableViewCell.swift in Sources */,
				ED8E0D4724E4A12F00AFFF33 /* AppDelegate.swift in Sources */,
				ED8E0D4924E4A12F00AFFF33 /* SceneDelegate.swift in Sources */,
			);
			runOnlyForDeploymentPostprocessing = 0;
		};
/* End PBXSourcesBuildPhase section */

/* Begin PBXVariantGroup section */
		ED8E0D4C24E4A12F00AFFF33 /* Main.storyboard */ = {
			isa = PBXVariantGroup;
			children = (
				ED8E0D4D24E4A12F00AFFF33 /* Base */,
			);
			name = Main.storyboard;
			sourceTree = "<group>";
		};
		ED8E0D5424E4A13100AFFF33 /* LaunchScreen.storyboard */ = {
			isa = PBXVariantGroup;
			children = (
				ED8E0D5524E4A13100AFFF33 /* Base */,
			);
			name = LaunchScreen.storyboard;
			sourceTree = "<group>";
		};
/* End PBXVariantGroup section */

/* Begin XCBuildConfiguration section */
		ED8E0D5824E4A13100AFFF33 /* Debug */ = {
			isa = XCBuildConfiguration;
			buildSettings = {
				ALWAYS_SEARCH_USER_PATHS = NO;
				CLANG_ANALYZER_NONNULL = YES;
				CLANG_ANALYZER_NUMBER_OBJECT_CONVERSION = YES_AGGRESSIVE;
				CLANG_CXX_LANGUAGE_STANDARD = "gnu++14";
				CLANG_CXX_LIBRARY = "libc++";
				CLANG_ENABLE_MODULES = YES;
				CLANG_ENABLE_OBJC_ARC = YES;
				CLANG_ENABLE_OBJC_WEAK = YES;
				CLANG_WARN_BLOCK_CAPTURE_AUTORELEASING = YES;
				CLANG_WARN_BOOL_CONVERSION = YES;
				CLANG_WARN_COMMA = YES;
				CLANG_WARN_CONSTANT_CONVERSION = YES;
				CLANG_WARN_DEPRECATED_OBJC_IMPLEMENTATIONS = YES;
				CLANG_WARN_DIRECT_OBJC_ISA_USAGE = YES_ERROR;
				CLANG_WARN_DOCUMENTATION_COMMENTS = YES;
				CLANG_WARN_EMPTY_BODY = YES;
				CLANG_WARN_ENUM_CONVERSION = YES;
				CLANG_WARN_INFINITE_RECURSION = YES;
				CLANG_WARN_INT_CONVERSION = YES;
				CLANG_WARN_NON_LITERAL_NULL_CONVERSION = YES;
				CLANG_WARN_OBJC_IMPLICIT_RETAIN_SELF = YES;
				CLANG_WARN_OBJC_LITERAL_CONVERSION = YES;
				CLANG_WARN_OBJC_ROOT_CLASS = YES_ERROR;
				CLANG_WARN_RANGE_LOOP_ANALYSIS = YES;
				CLANG_WARN_STRICT_PROTOTYPES = YES;
				CLANG_WARN_SUSPICIOUS_MOVE = YES;
				CLANG_WARN_UNGUARDED_AVAILABILITY = YES_AGGRESSIVE;
				CLANG_WARN_UNREACHABLE_CODE = YES;
				CLANG_WARN__DUPLICATE_METHOD_MATCH = YES;
				COPY_PHASE_STRIP = NO;
				DEBUG_INFORMATION_FORMAT = dwarf;
				ENABLE_STRICT_OBJC_MSGSEND = YES;
				ENABLE_TESTABILITY = YES;
				GCC_C_LANGUAGE_STANDARD = gnu11;
				GCC_DYNAMIC_NO_PIC = NO;
				GCC_NO_COMMON_BLOCKS = YES;
				GCC_OPTIMIZATION_LEVEL = 0;
				GCC_PREPROCESSOR_DEFINITIONS = (
					"DEBUG=1",
					"$(inherited)",
				);
				GCC_WARN_64_TO_32_BIT_CONVERSION = YES;
				GCC_WARN_ABOUT_RETURN_TYPE = YES_ERROR;
				GCC_WARN_UNDECLARED_SELECTOR = YES;
				GCC_WARN_UNINITIALIZED_AUTOS = YES_AGGRESSIVE;
				GCC_WARN_UNUSED_FUNCTION = YES;
				GCC_WARN_UNUSED_VARIABLE = YES;
				IPHONEOS_DEPLOYMENT_TARGET = 13.6;
				MTL_ENABLE_DEBUG_INFO = INCLUDE_SOURCE;
				MTL_FAST_MATH = YES;
				ONLY_ACTIVE_ARCH = YES;
				SDKROOT = iphoneos;
				SWIFT_ACTIVE_COMPILATION_CONDITIONS = DEBUG;
				SWIFT_OPTIMIZATION_LEVEL = "-Onone";
			};
			name = Debug;
		};
		ED8E0D5924E4A13100AFFF33 /* Release */ = {
			isa = XCBuildConfiguration;
			buildSettings = {
				ALWAYS_SEARCH_USER_PATHS = NO;
				CLANG_ANALYZER_NONNULL = YES;
				CLANG_ANALYZER_NUMBER_OBJECT_CONVERSION = YES_AGGRESSIVE;
				CLANG_CXX_LANGUAGE_STANDARD = "gnu++14";
				CLANG_CXX_LIBRARY = "libc++";
				CLANG_ENABLE_MODULES = YES;
				CLANG_ENABLE_OBJC_ARC = YES;
				CLANG_ENABLE_OBJC_WEAK = YES;
				CLANG_WARN_BLOCK_CAPTURE_AUTORELEASING = YES;
				CLANG_WARN_BOOL_CONVERSION = YES;
				CLANG_WARN_COMMA = YES;
				CLANG_WARN_CONSTANT_CONVERSION = YES;
				CLANG_WARN_DEPRECATED_OBJC_IMPLEMENTATIONS = YES;
				CLANG_WARN_DIRECT_OBJC_ISA_USAGE = YES_ERROR;
				CLANG_WARN_DOCUMENTATION_COMMENTS = YES;
				CLANG_WARN_EMPTY_BODY = YES;
				CLANG_WARN_ENUM_CONVERSION = YES;
				CLANG_WARN_INFINITE_RECURSION = YES;
				CLANG_WARN_INT_CONVERSION = YES;
				CLANG_WARN_NON_LITERAL_NULL_CONVERSION = YES;
				CLANG_WARN_OBJC_IMPLICIT_RETAIN_SELF = YES;
				CLANG_WARN_OBJC_LITERAL_CONVERSION = YES;
				CLANG_WARN_OBJC_ROOT_CLASS = YES_ERROR;
				CLANG_WARN_RANGE_LOOP_ANALYSIS = YES;
				CLANG_WARN_STRICT_PROTOTYPES = YES;
				CLANG_WARN_SUSPICIOUS_MOVE = YES;
				CLANG_WARN_UNGUARDED_AVAILABILITY = YES_AGGRESSIVE;
				CLANG_WARN_UNREACHABLE_CODE = YES;
				CLANG_WARN__DUPLICATE_METHOD_MATCH = YES;
				COPY_PHASE_STRIP = NO;
				DEBUG_INFORMATION_FORMAT = "dwarf-with-dsym";
				ENABLE_NS_ASSERTIONS = NO;
				ENABLE_STRICT_OBJC_MSGSEND = YES;
				GCC_C_LANGUAGE_STANDARD = gnu11;
				GCC_NO_COMMON_BLOCKS = YES;
				GCC_WARN_64_TO_32_BIT_CONVERSION = YES;
				GCC_WARN_ABOUT_RETURN_TYPE = YES_ERROR;
				GCC_WARN_UNDECLARED_SELECTOR = YES;
				GCC_WARN_UNINITIALIZED_AUTOS = YES_AGGRESSIVE;
				GCC_WARN_UNUSED_FUNCTION = YES;
				GCC_WARN_UNUSED_VARIABLE = YES;
				IPHONEOS_DEPLOYMENT_TARGET = 13.6;
				MTL_ENABLE_DEBUG_INFO = NO;
				MTL_FAST_MATH = YES;
				SDKROOT = iphoneos;
				SWIFT_COMPILATION_MODE = wholemodule;
				SWIFT_OPTIMIZATION_LEVEL = "-O";
				VALIDATE_PRODUCT = YES;
			};
			name = Release;
		};
		ED8E0D5B24E4A13100AFFF33 /* Debug */ = {
			isa = XCBuildConfiguration;
			buildSettings = {
				ASSETCATALOG_COMPILER_APPICON_NAME = AppIcon;
				CODE_SIGN_STYLE = Automatic;
				DEVELOPMENT_TEAM = KLGXZGX28J;
				INFOPLIST_FILE = Pokedex/Info.plist;
				LD_RUNPATH_SEARCH_PATHS = (
					"$(inherited)",
					"@executable_path/Frameworks",
				);
				PRODUCT_BUNDLE_IDENTIFIER = AndresGuevara.Pokedex;
				PRODUCT_NAME = "$(TARGET_NAME)";
				SWIFT_VERSION = 5.0;
				TARGETED_DEVICE_FAMILY = "1,2";
			};
			name = Debug;
		};
		ED8E0D5C24E4A13100AFFF33 /* Release */ = {
			isa = XCBuildConfiguration;
			buildSettings = {
				ASSETCATALOG_COMPILER_APPICON_NAME = AppIcon;
				CODE_SIGN_STYLE = Automatic;
				DEVELOPMENT_TEAM = KLGXZGX28J;
				INFOPLIST_FILE = Pokedex/Info.plist;
				LD_RUNPATH_SEARCH_PATHS = (
					"$(inherited)",
					"@executable_path/Frameworks",
				);
				PRODUCT_BUNDLE_IDENTIFIER = AndresGuevara.Pokedex;
				PRODUCT_NAME = "$(TARGET_NAME)";
				SWIFT_VERSION = 5.0;
				TARGETED_DEVICE_FAMILY = "1,2";
			};
			name = Release;
		};
/* End XCBuildConfiguration section */

/* Begin XCConfigurationList section */
		ED8E0D3E24E4A12F00AFFF33 /* Build configuration list for PBXProject "Pokedex" */ = {
			isa = XCConfigurationList;
			buildConfigurations = (
				ED8E0D5824E4A13100AFFF33 /* Debug */,
				ED8E0D5924E4A13100AFFF33 /* Release */,
			);
			defaultConfigurationIsVisible = 0;
			defaultConfigurationName = Release;
		};
		ED8E0D5A24E4A13100AFFF33 /* Build configuration list for PBXNativeTarget "Pokedex" */ = {
			isa = XCConfigurationList;
			buildConfigurations = (
				ED8E0D5B24E4A13100AFFF33 /* Debug */,
				ED8E0D5C24E4A13100AFFF33 /* Release */,
			);
			defaultConfigurationIsVisible = 0;
			defaultConfigurationName = Release;
		};
/* End XCConfigurationList section */

/* Begin XCVersionGroup section */
		ED8E0D4F24E4A12F00AFFF33 /* Pokedex.xcdatamodeld */ = {
			isa = XCVersionGroup;
			children = (
				ED8E0D5024E4A12F00AFFF33 /* Pokedex.xcdatamodel */,
			);
			currentVersion = ED8E0D5024E4A12F00AFFF33 /* Pokedex.xcdatamodel */;
			path = Pokedex.xcdatamodeld;
			sourceTree = "<group>";
			versionGroupType = wrapper.xcdatamodel;
		};
/* End XCVersionGroup section */
	};
	rootObject = ED8E0D3B24E4A12F00AFFF33 /* Project object */;
}
